{
  "name": "FYP-2",
  "lockfileVersion": 3,
  "requires": true,
  "packages": {
    "": {
      "dependencies": {
        "@fontsource/montserrat": "^4.5.14"
      }
    },
    "node_modules/@fontsource/montserrat": {
      "version": "4.5.14",
      "resolved": "https://registry.npmjs.org/@fontsource/montserrat/-/montserrat-4.5.14.tgz",
      "integrity": "sha512-fTvrteVzuFUePhr4QYBGoK8G/YHLJ3IhF1HhKg0AxcFvZajJT7rM7ULdmKLSd2PkX44R3aaFZq1zDbmjbGGI+w=="
    }
  }
}
